// !$*UTF8*$!
{
	archiveVersion = 1;
	classes = {
	};
	objectVersion = 46;
	objects = {

/* Begin PBXBuildFile section */
		4785630B74F6E35D4124E3F8 /* libPods-Photo StunnerTests.a in Frameworks */ = {isa = PBXBuildFile; fileRef = 01A47F0C10CB8D81A935AE15 /* libPods-Photo StunnerTests.a */; };
		605B3C691ADF0A4F009B217A /* PhotoStunnerConstants.m in Sources */ = {isa = PBXBuildFile; fileRef = 605B3C681ADF0A4F009B217A /* PhotoStunnerConstants.m */; };
		6084C98F1AF83C6F0007861B /* 9.mp4 in Resources */ = {isa = PBXBuildFile; fileRef = 6084C9871AF83C630007861B /* 9.mp4 */; };
		6084C9901AF83C6F0007861B /* 10.mp4 in Resources */ = {isa = PBXBuildFile; fileRef = 6084C9881AF83C630007861B /* 10.mp4 */; };
		6084C9911AF83C6F0007861B /* 11.mp4 in Resources */ = {isa = PBXBuildFile; fileRef = 6084C9891AF83C630007861B /* 11.mp4 */; };
		6084C9921AF83C6F0007861B /* 12.mp4 in Resources */ = {isa = PBXBuildFile; fileRef = 6084C98A1AF83C630007861B /* 12.mp4 */; };
		6084C9931AF83C6F0007861B /* 13.mp4 in Resources */ = {isa = PBXBuildFile; fileRef = 6084C98B1AF83C630007861B /* 13.mp4 */; };
		6084C9941AF83C6F0007861B /* 14.mp4 in Resources */ = {isa = PBXBuildFile; fileRef = 6084C98C1AF83C630007861B /* 14.mp4 */; };
		6084C9951AF83C6F0007861B /* 15.mp4 in Resources */ = {isa = PBXBuildFile; fileRef = 6084C98D1AF83C630007861B /* 15.mp4 */; };
		6084C9961AF83C6F0007861B /* 16.mp4 in Resources */ = {isa = PBXBuildFile; fileRef = 6084C98E1AF83C630007861B /* 16.mp4 */; };
		60FDA1611ADF4857005B73A1 /* 7.mp4 in Resources */ = {isa = PBXBuildFile; fileRef = 60FDA15F1ADF2924005B73A1 /* 7.mp4 */; };
		60FDA1621ADF4857005B73A1 /* 8.mp4 in Resources */ = {isa = PBXBuildFile; fileRef = 60FDA1601ADF2BD3005B73A1 /* 8.mp4 */; };
		B347888C1AB75584009FF25C /* Images.xcassets in Resources */ = {isa = PBXBuildFile; fileRef = B347888B1AB75584009FF25C /* Images.xcassets */; };
		B34788A51AB755A9009FF25C /* LaunchScreen.xib in Resources */ = {isa = PBXBuildFile; fileRef = B34788A41AB755A9009FF25C /* LaunchScreen.xib */; };
		B34789041AB79E2B009FF25C /* 1.mp4 in Resources */ = {isa = PBXBuildFile; fileRef = B34788FB1AB79E2B009FF25C /* 1.mp4 */; };
		B34789051AB79E2B009FF25C /* 2.mp4 in Resources */ = {isa = PBXBuildFile; fileRef = B34788FC1AB79E2B009FF25C /* 2.mp4 */; };
		B34789061AB79E2B009FF25C /* 3.mp4 in Resources */ = {isa = PBXBuildFile; fileRef = B34788FD1AB79E2B009FF25C /* 3.mp4 */; };
		B34789071AB79E2B009FF25C /* 4.mp4 in Resources */ = {isa = PBXBuildFile; fileRef = B34788FE1AB79E2B009FF25C /* 4.mp4 */; };
		B34789081AB79E2B009FF25C /* 5.mp4 in Resources */ = {isa = PBXBuildFile; fileRef = B34788FF1AB79E2B009FF25C /* 5.mp4 */; };
		B34789091AB79E2B009FF25C /* 6.mp4 in Resources */ = {isa = PBXBuildFile; fileRef = B34789001AB79E2B009FF25C /* 6.mp4 */; };
		B37F22401ABE2AAD009FB9CC /* Localizable.strings in Resources */ = {isa = PBXBuildFile; fileRef = B37F223E1ABE2AAD009FB9CC /* Localizable.strings */; };
		B38B1CBD1AD1E12200733112 /* AppDelegate.m in Sources */ = {isa = PBXBuildFile; fileRef = B38B1C831AD1E12200733112 /* AppDelegate.m */; };
		B38B1CBE1AD1E12200733112 /* LibraryViewController.m in Sources */ = {isa = PBXBuildFile; fileRef = B38B1C871AD1E12200733112 /* LibraryViewController.m */; };
		B38B1CBF1AD1E12200733112 /* LibraryViewController.xib in Resources */ = {isa = PBXBuildFile; fileRef = B38B1C881AD1E12200733112 /* LibraryViewController.xib */; };
		B38B1CC01AD1E12200733112 /* PreviewViewController.swift in Sources */ = {isa = PBXBuildFile; fileRef = B38B1C8A1AD1E12200733112 /* PreviewViewController.swift */; };
		B38B1CC11AD1E12200733112 /* PreviewViewController.xib in Resources */ = {isa = PBXBuildFile; fileRef = B38B1C8B1AD1E12200733112 /* PreviewViewController.xib */; };
		B38B1CC21AD1E12200733112 /* StunningImageViewController.m in Sources */ = {isa = PBXBuildFile; fileRef = B38B1C8E1AD1E12200733112 /* StunningImageViewController.m */; };
		B38B1CC31AD1E12200733112 /* StunningImageViewController.xib in Resources */ = {isa = PBXBuildFile; fileRef = B38B1C8F1AD1E12200733112 /* StunningImageViewController.xib */; };
		B38B1CC41AD1E12200733112 /* TapViewController.m in Sources */ = {isa = PBXBuildFile; fileRef = B38B1C921AD1E12200733112 /* TapViewController.m */; };
		B38B1CC51AD1E12200733112 /* TapViewController.xib in Resources */ = {isa = PBXBuildFile; fileRef = B38B1C931AD1E12200733112 /* TapViewController.xib */; };
		B38B1CC61AD1E12200733112 /* ThumbnailsViewController.m in Sources */ = {isa = PBXBuildFile; fileRef = B38B1C961AD1E12200733112 /* ThumbnailsViewController.m */; };
		B38B1CC71AD1E12200733112 /* ThumbnailsViewController.xib in Resources */ = {isa = PBXBuildFile; fileRef = B38B1C971AD1E12200733112 /* ThumbnailsViewController.xib */; };
		B38B1CC81AD1E12200733112 /* main.m in Sources */ = {isa = PBXBuildFile; fileRef = B38B1C981AD1E12200733112 /* main.m */; };
		B38B1CC91AD1E12200733112 /* ALAssetVideoAssetAdapter.m in Sources */ = {isa = PBXBuildFile; fileRef = B38B1C9C1AD1E12200733112 /* ALAssetVideoAssetAdapter.m */; };
		B38B1CCA1AD1E12200733112 /* AVAssetVideoAssetAdapter.m in Sources */ = {isa = PBXBuildFile; fileRef = B38B1C9E1AD1E12200733112 /* AVAssetVideoAssetAdapter.m */; };
		B38B1CCB1AD1E12200733112 /* VideoLoader.m in Sources */ = {isa = PBXBuildFile; fileRef = B38B1CA11AD1E12200733112 /* VideoLoader.m */; };
		B38B1CCC1AD1E12200733112 /* MediaManager+CMTimeImageKeys.m in Sources */ = {isa = PBXBuildFile; fileRef = B38B1CA51AD1E12200733112 /* MediaManager+CMTimeImageKeys.m */; };
		B38B1CCD1AD1E12200733112 /* MediaManager+CMTimeRangeVideoKeys.m in Sources */ = {isa = PBXBuildFile; fileRef = B38B1CA71AD1E12200733112 /* MediaManager+CMTimeRangeVideoKeys.m */; };
		B38B1CCE1AD1E12200733112 /* MediaManager.m in Sources */ = {isa = PBXBuildFile; fileRef = B38B1CAA1AD1E12200733112 /* MediaManager.m */; };
		B38B1CCF1AD1E12200733112 /* MediaManagerObserver.swift in Sources */ = {isa = PBXBuildFile; fileRef = B38B1CAB1AD1E12200733112 /* MediaManagerObserver.swift */; };
		B38B1CD01AD1E12200733112 /* StunningMediaManager.swift in Sources */ = {isa = PBXBuildFile; fileRef = B38B1CAC1AD1E12200733112 /* StunningMediaManager.swift */; };
		B38B1CD11AD1E12200733112 /* FlashView.m in Sources */ = {isa = PBXBuildFile; fileRef = B38B1CB01AD1E12200733112 /* FlashView.m */; };
		B38B1CD21AD1E12200733112 /* PlaybackBarView.m in Sources */ = {isa = PBXBuildFile; fileRef = B38B1CB21AD1E12200733112 /* PlaybackBarView.m */; };
		B38B1CD31AD1E12200733112 /* PlayerView.m in Sources */ = {isa = PBXBuildFile; fileRef = B38B1CB41AD1E12200733112 /* PlayerView.m */; };
		B38B1CD41AD1E12200733112 /* UICollectionViewHeaderCell.m in Sources */ = {isa = PBXBuildFile; fileRef = B38B1CB61AD1E12200733112 /* UICollectionViewHeaderCell.m */; };
		B38B1CD51AD1E12200733112 /* UICollectionViewHeaderCell.xib in Resources */ = {isa = PBXBuildFile; fileRef = B38B1CB71AD1E12200733112 /* UICollectionViewHeaderCell.xib */; };
		B38B1CD61AD1E12200733112 /* UICollectionViewImageCell.m in Sources */ = {isa = PBXBuildFile; fileRef = B38B1CB91AD1E12200733112 /* UICollectionViewImageCell.m */; };
		B38B1CD71AD1E12200733112 /* UICollectionViewImageCell.xib in Resources */ = {isa = PBXBuildFile; fileRef = B38B1CBA1AD1E12200733112 /* UICollectionViewImageCell.xib */; };
		B38B1CD81AD1E12200733112 /* UICollectionViewVideoCell.m in Sources */ = {isa = PBXBuildFile; fileRef = B38B1CBC1AD1E12200733112 /* UICollectionViewVideoCell.m */; };
		B38B1CDC1AD1E13800733112 /* MediaManagerImageTests.m in Sources */ = {isa = PBXBuildFile; fileRef = B38B1CDA1AD1E13800733112 /* MediaManagerImageTests.m */; };
		B38B1CDD1AD1E13800733112 /* MediaManagerVideoTests.m in Sources */ = {isa = PBXBuildFile; fileRef = B38B1CDB1AD1E13800733112 /* MediaManagerVideoTests.m */; };
		B38CAF4F1ACA0DE2000D72D6 /* 1.jpg in Resources */ = {isa = PBXBuildFile; fileRef = B38CAF4B1ACA0DE2000D72D6 /* 1.jpg */; };
		B38CAF521ACA0DE2000D72D6 /* 2.jpg in Resources */ = {isa = PBXBuildFile; fileRef = B38CAF4E1ACA0DE2000D72D6 /* 2.jpg */; };
		C01CC5AE9AC357EA836753A4 /* libPods-Photo Stunner.a in Frameworks */ = {isa = PBXBuildFile; fileRef = EEBD8BCD4673599AB5D891D1 /* libPods-Photo Stunner.a */; };
/* End PBXBuildFile section */

/* Begin PBXContainerItemProxy section */
		B34788951AB75584009FF25C /* PBXContainerItemProxy */ = {
			isa = PBXContainerItemProxy;
			containerPortal = B34788731AB75584009FF25C /* Project object */;
			proxyType = 1;
			remoteGlobalIDString = B347887A1AB75584009FF25C;
			remoteInfo = "Photo Stunner";
		};
/* End PBXContainerItemProxy section */

/* Begin PBXFileReference section */
		01A47F0C10CB8D81A935AE15 /* libPods-Photo StunnerTests.a */ = {isa = PBXFileReference; explicitFileType = archive.ar; includeInIndex = 0; path = "libPods-Photo StunnerTests.a"; sourceTree = BUILT_PRODUCTS_DIR; };
		1E4E8F7CFC2CCE22A81F0836 /* Pods-Photo StunnerTests.release.xcconfig */ = {isa = PBXFileReference; includeInIndex = 1; lastKnownFileType = text.xcconfig; name = "Pods-Photo StunnerTests.release.xcconfig"; path = "Pods/Target Support Files/Pods-Photo StunnerTests/Pods-Photo StunnerTests.release.xcconfig"; sourceTree = "<group>"; };
		2A48D80F6DD15881ADCB7892 /* Pods-Photo Stunner.release.xcconfig */ = {isa = PBXFileReference; includeInIndex = 1; lastKnownFileType = text.xcconfig; name = "Pods-Photo Stunner.release.xcconfig"; path = "Pods/Target Support Files/Pods-Photo Stunner/Pods-Photo Stunner.release.xcconfig"; sourceTree = "<group>"; };
		2A52477F41A4C718FED0D9B3 /* Pods-Photo StunnerTests.debug.xcconfig */ = {isa = PBXFileReference; includeInIndex = 1; lastKnownFileType = text.xcconfig; name = "Pods-Photo StunnerTests.debug.xcconfig"; path = "Pods/Target Support Files/Pods-Photo StunnerTests/Pods-Photo StunnerTests.debug.xcconfig"; sourceTree = "<group>"; };
		605B3C671ADF0969009B217A /* PhotoStunnerConstants.h */ = {isa = PBXFileReference; lastKnownFileType = sourcecode.c.h; path = PhotoStunnerConstants.h; sourceTree = "<group>"; };
		605B3C681ADF0A4F009B217A /* PhotoStunnerConstants.m */ = {isa = PBXFileReference; fileEncoding = 4; lastKnownFileType = sourcecode.c.objc; path = PhotoStunnerConstants.m; sourceTree = "<group>"; };
		6084C9871AF83C630007861B /* 9.mp4 */ = {isa = PBXFileReference; lastKnownFileType = text; path = 9.mp4; sourceTree = "<group>"; };
		6084C9881AF83C630007861B /* 10.mp4 */ = {isa = PBXFileReference; lastKnownFileType = file; path = 10.mp4; sourceTree = "<group>"; };
		6084C9891AF83C630007861B /* 11.mp4 */ = {isa = PBXFileReference; lastKnownFileType = file; path = 11.mp4; sourceTree = "<group>"; };
		6084C98A1AF83C630007861B /* 12.mp4 */ = {isa = PBXFileReference; lastKnownFileType = file; path = 12.mp4; sourceTree = "<group>"; };
		6084C98B1AF83C630007861B /* 13.mp4 */ = {isa = PBXFileReference; lastKnownFileType = file; path = 13.mp4; sourceTree = "<group>"; };
		6084C98C1AF83C630007861B /* 14.mp4 */ = {isa = PBXFileReference; lastKnownFileType = file; path = 14.mp4; sourceTree = "<group>"; };
		6084C98D1AF83C630007861B /* 15.mp4 */ = {isa = PBXFileReference; lastKnownFileType = file; path = 15.mp4; sourceTree = "<group>"; };
		6084C98E1AF83C630007861B /* 16.mp4 */ = {isa = PBXFileReference; lastKnownFileType = file; path = 16.mp4; sourceTree = "<group>"; };
		60FDA15F1ADF2924005B73A1 /* 7.mp4 */ = {isa = PBXFileReference; lastKnownFileType = file; path = 7.mp4; sourceTree = "<group>"; };
		60FDA1601ADF2BD3005B73A1 /* 8.mp4 */ = {isa = PBXFileReference; lastKnownFileType = file; path = 8.mp4; sourceTree = "<group>"; };
		A4AB22C816497D8EEF84A618 /* Pods-Photo Stunner.debug.xcconfig */ = {isa = PBXFileReference; includeInIndex = 1; lastKnownFileType = text.xcconfig; name = "Pods-Photo Stunner.debug.xcconfig"; path = "Pods/Target Support Files/Pods-Photo Stunner/Pods-Photo Stunner.debug.xcconfig"; sourceTree = "<group>"; };
		B347887B1AB75584009FF25C /* Photo Stunner.app */ = {isa = PBXFileReference; explicitFileType = wrapper.application; includeInIndex = 0; path = "Photo Stunner.app"; sourceTree = BUILT_PRODUCTS_DIR; };
		B347887F1AB75584009FF25C /* Info.plist */ = {isa = PBXFileReference; lastKnownFileType = text.plist.xml; path = Info.plist; sourceTree = "<group>"; };
		B347888B1AB75584009FF25C /* Images.xcassets */ = {isa = PBXFileReference; lastKnownFileType = folder.assetcatalog; path = Images.xcassets; sourceTree = "<group>"; };
		B34788941AB75584009FF25C /* Photo StunnerTests.xctest */ = {isa = PBXFileReference; explicitFileType = wrapper.cfbundle; includeInIndex = 0; path = "Photo StunnerTests.xctest"; sourceTree = BUILT_PRODUCTS_DIR; };
		B34788991AB75584009FF25C /* Info.plist */ = {isa = PBXFileReference; lastKnownFileType = text.plist.xml; path = Info.plist; sourceTree = "<group>"; };
		B34788A41AB755A9009FF25C /* LaunchScreen.xib */ = {isa = PBXFileReference; fileEncoding = 4; lastKnownFileType = file.xib; path = LaunchScreen.xib; sourceTree = "<group>"; };
		B34788FB1AB79E2B009FF25C /* 1.mp4 */ = {isa = PBXFileReference; lastKnownFileType = file; path = 1.mp4; sourceTree = "<group>"; };
		B34788FC1AB79E2B009FF25C /* 2.mp4 */ = {isa = PBXFileReference; lastKnownFileType = file; path = 2.mp4; sourceTree = "<group>"; };
		B34788FD1AB79E2B009FF25C /* 3.mp4 */ = {isa = PBXFileReference; lastKnownFileType = file; path = 3.mp4; sourceTree = "<group>"; };
		B34788FE1AB79E2B009FF25C /* 4.mp4 */ = {isa = PBXFileReference; lastKnownFileType = file; path = 4.mp4; sourceTree = "<group>"; };
		B34788FF1AB79E2B009FF25C /* 5.mp4 */ = {isa = PBXFileReference; lastKnownFileType = file; path = 5.mp4; sourceTree = "<group>"; };
		B34789001AB79E2B009FF25C /* 6.mp4 */ = {isa = PBXFileReference; lastKnownFileType = file; path = 6.mp4; sourceTree = "<group>"; };
		B37F223F1ABE2AAD009FB9CC /* en */ = {isa = PBXFileReference; lastKnownFileType = text.plist.strings; name = en; path = Localizable.strings; sourceTree = "<group>"; };
		B38B1C821AD1E12200733112 /* AppDelegate.h */ = {isa = PBXFileReference; fileEncoding = 4; lastKnownFileType = sourcecode.c.h; path = AppDelegate.h; sourceTree = "<group>"; };
		B38B1C831AD1E12200733112 /* AppDelegate.m */ = {isa = PBXFileReference; fileEncoding = 4; lastKnownFileType = sourcecode.c.objc; path = AppDelegate.m; sourceTree = "<group>"; };
		B38B1C861AD1E12200733112 /* LibraryViewController.h */ = {isa = PBXFileReference; fileEncoding = 4; lastKnownFileType = sourcecode.c.h; path = LibraryViewController.h; sourceTree = "<group>"; };
		B38B1C871AD1E12200733112 /* LibraryViewController.m */ = {isa = PBXFileReference; fileEncoding = 4; lastKnownFileType = sourcecode.c.objc; path = LibraryViewController.m; sourceTree = "<group>"; };
		B38B1C881AD1E12200733112 /* LibraryViewController.xib */ = {isa = PBXFileReference; fileEncoding = 4; lastKnownFileType = file.xib; path = LibraryViewController.xib; sourceTree = "<group>"; };
		B38B1C8A1AD1E12200733112 /* PreviewViewController.swift */ = {isa = PBXFileReference; fileEncoding = 4; lastKnownFileType = sourcecode.swift; path = PreviewViewController.swift; sourceTree = "<group>"; };
		B38B1C8B1AD1E12200733112 /* PreviewViewController.xib */ = {isa = PBXFileReference; fileEncoding = 4; lastKnownFileType = file.xib; path = PreviewViewController.xib; sourceTree = "<group>"; };
		B38B1C8D1AD1E12200733112 /* StunningImageViewController.h */ = {isa = PBXFileReference; fileEncoding = 4; lastKnownFileType = sourcecode.c.h; path = StunningImageViewController.h; sourceTree = "<group>"; };
		B38B1C8E1AD1E12200733112 /* StunningImageViewController.m */ = {isa = PBXFileReference; fileEncoding = 4; lastKnownFileType = sourcecode.c.objc; path = StunningImageViewController.m; sourceTree = "<group>"; };
		B38B1C8F1AD1E12200733112 /* StunningImageViewController.xib */ = {isa = PBXFileReference; fileEncoding = 4; lastKnownFileType = file.xib; path = StunningImageViewController.xib; sourceTree = "<group>"; };
		B38B1C911AD1E12200733112 /* TapViewController.h */ = {isa = PBXFileReference; fileEncoding = 4; lastKnownFileType = sourcecode.c.h; path = TapViewController.h; sourceTree = "<group>"; };
		B38B1C921AD1E12200733112 /* TapViewController.m */ = {isa = PBXFileReference; fileEncoding = 4; lastKnownFileType = sourcecode.c.objc; path = TapViewController.m; sourceTree = "<group>"; };
		B38B1C931AD1E12200733112 /* TapViewController.xib */ = {isa = PBXFileReference; fileEncoding = 4; lastKnownFileType = file.xib; path = TapViewController.xib; sourceTree = "<group>"; };
		B38B1C951AD1E12200733112 /* ThumbnailsViewController.h */ = {isa = PBXFileReference; fileEncoding = 4; lastKnownFileType = sourcecode.c.h; path = ThumbnailsViewController.h; sourceTree = "<group>"; };
		B38B1C961AD1E12200733112 /* ThumbnailsViewController.m */ = {isa = PBXFileReference; fileEncoding = 4; lastKnownFileType = sourcecode.c.objc; path = ThumbnailsViewController.m; sourceTree = "<group>"; };
		B38B1C971AD1E12200733112 /* ThumbnailsViewController.xib */ = {isa = PBXFileReference; fileEncoding = 4; lastKnownFileType = file.xib; path = ThumbnailsViewController.xib; sourceTree = "<group>"; };
		B38B1C981AD1E12200733112 /* main.m */ = {isa = PBXFileReference; fileEncoding = 4; lastKnownFileType = sourcecode.c.objc; path = main.m; sourceTree = "<group>"; };
		B38B1C9B1AD1E12200733112 /* ALAssetVideoAssetAdapter.h */ = {isa = PBXFileReference; fileEncoding = 4; lastKnownFileType = sourcecode.c.h; path = ALAssetVideoAssetAdapter.h; sourceTree = "<group>"; };
		B38B1C9C1AD1E12200733112 /* ALAssetVideoAssetAdapter.m */ = {isa = PBXFileReference; fileEncoding = 4; lastKnownFileType = sourcecode.c.objc; path = ALAssetVideoAssetAdapter.m; sourceTree = "<group>"; };
		B38B1C9D1AD1E12200733112 /* AVAssetVideoAssetAdapter.h */ = {isa = PBXFileReference; fileEncoding = 4; lastKnownFileType = sourcecode.c.h; path = AVAssetVideoAssetAdapter.h; sourceTree = "<group>"; };
		B38B1C9E1AD1E12200733112 /* AVAssetVideoAssetAdapter.m */ = {isa = PBXFileReference; fileEncoding = 4; lastKnownFileType = sourcecode.c.objc; path = AVAssetVideoAssetAdapter.m; sourceTree = "<group>"; };
		B38B1CA01AD1E12200733112 /* VideoLoader.h */ = {isa = PBXFileReference; fileEncoding = 4; lastKnownFileType = sourcecode.c.h; path = VideoLoader.h; sourceTree = "<group>"; };
		B38B1CA11AD1E12200733112 /* VideoLoader.m */ = {isa = PBXFileReference; fileEncoding = 4; lastKnownFileType = sourcecode.c.objc; path = VideoLoader.m; sourceTree = "<group>"; };
		B38B1CA21AD1E12200733112 /* VideoAsset.h */ = {isa = PBXFileReference; fileEncoding = 4; lastKnownFileType = sourcecode.c.h; path = VideoAsset.h; sourceTree = "<group>"; };
		B38B1CA41AD1E12200733112 /* MediaManager+CMTimeImageKeys.h */ = {isa = PBXFileReference; fileEncoding = 4; lastKnownFileType = sourcecode.c.h; path = "MediaManager+CMTimeImageKeys.h"; sourceTree = "<group>"; };
		B38B1CA51AD1E12200733112 /* MediaManager+CMTimeImageKeys.m */ = {isa = PBXFileReference; fileEncoding = 4; lastKnownFileType = sourcecode.c.objc; path = "MediaManager+CMTimeImageKeys.m"; sourceTree = "<group>"; };
		B38B1CA61AD1E12200733112 /* MediaManager+CMTimeRangeVideoKeys.h */ = {isa = PBXFileReference; fileEncoding = 4; lastKnownFileType = sourcecode.c.h; path = "MediaManager+CMTimeRangeVideoKeys.h"; sourceTree = "<group>"; };
		B38B1CA71AD1E12200733112 /* MediaManager+CMTimeRangeVideoKeys.m */ = {isa = PBXFileReference; fileEncoding = 4; lastKnownFileType = sourcecode.c.objc; path = "MediaManager+CMTimeRangeVideoKeys.m"; sourceTree = "<group>"; };
		B38B1CA81AD1E12200733112 /* MediaManager+Private.h */ = {isa = PBXFileReference; fileEncoding = 4; lastKnownFileType = sourcecode.c.h; path = "MediaManager+Private.h"; sourceTree = "<group>"; };
		B38B1CA91AD1E12200733112 /* MediaManager.h */ = {isa = PBXFileReference; fileEncoding = 4; lastKnownFileType = sourcecode.c.h; path = MediaManager.h; sourceTree = "<group>"; };
		B38B1CAA1AD1E12200733112 /* MediaManager.m */ = {isa = PBXFileReference; fileEncoding = 4; lastKnownFileType = sourcecode.c.objc; path = MediaManager.m; sourceTree = "<group>"; };
		B38B1CAB1AD1E12200733112 /* MediaManagerObserver.swift */ = {isa = PBXFileReference; fileEncoding = 4; lastKnownFileType = sourcecode.swift; path = MediaManagerObserver.swift; sourceTree = "<group>"; };
		B38B1CAC1AD1E12200733112 /* StunningMediaManager.swift */ = {isa = PBXFileReference; fileEncoding = 4; lastKnownFileType = sourcecode.swift; path = StunningMediaManager.swift; sourceTree = "<group>"; };
		B38B1CAD1AD1E12200733112 /* Photo Stunner-Bridging-Header.h */ = {isa = PBXFileReference; fileEncoding = 4; lastKnownFileType = sourcecode.c.h; path = "Photo Stunner-Bridging-Header.h"; sourceTree = "<group>"; };
		B38B1CAF1AD1E12200733112 /* FlashView.h */ = {isa = PBXFileReference; fileEncoding = 4; lastKnownFileType = sourcecode.c.h; path = FlashView.h; sourceTree = "<group>"; };
		B38B1CB01AD1E12200733112 /* FlashView.m */ = {isa = PBXFileReference; fileEncoding = 4; lastKnownFileType = sourcecode.c.objc; path = FlashView.m; sourceTree = "<group>"; };
		B38B1CB11AD1E12200733112 /* PlaybackBarView.h */ = {isa = PBXFileReference; fileEncoding = 4; lastKnownFileType = sourcecode.c.h; path = PlaybackBarView.h; sourceTree = "<group>"; };
		B38B1CB21AD1E12200733112 /* PlaybackBarView.m */ = {isa = PBXFileReference; fileEncoding = 4; lastKnownFileType = sourcecode.c.objc; path = PlaybackBarView.m; sourceTree = "<group>"; };
		B38B1CB31AD1E12200733112 /* PlayerView.h */ = {isa = PBXFileReference; fileEncoding = 4; lastKnownFileType = sourcecode.c.h; path = PlayerView.h; sourceTree = "<group>"; };
		B38B1CB41AD1E12200733112 /* PlayerView.m */ = {isa = PBXFileReference; fileEncoding = 4; lastKnownFileType = sourcecode.c.objc; path = PlayerView.m; sourceTree = "<group>"; };
		B38B1CB51AD1E12200733112 /* UICollectionViewHeaderCell.h */ = {isa = PBXFileReference; fileEncoding = 4; lastKnownFileType = sourcecode.c.h; path = UICollectionViewHeaderCell.h; sourceTree = "<group>"; };
		B38B1CB61AD1E12200733112 /* UICollectionViewHeaderCell.m */ = {isa = PBXFileReference; fileEncoding = 4; lastKnownFileType = sourcecode.c.objc; path = UICollectionViewHeaderCell.m; sourceTree = "<group>"; };
		B38B1CB71AD1E12200733112 /* UICollectionViewHeaderCell.xib */ = {isa = PBXFileReference; fileEncoding = 4; lastKnownFileType = file.xib; path = UICollectionViewHeaderCell.xib; sourceTree = "<group>"; };
		B38B1CB81AD1E12200733112 /* UICollectionViewImageCell.h */ = {isa = PBXFileReference; fileEncoding = 4; lastKnownFileType = sourcecode.c.h; path = UICollectionViewImageCell.h; sourceTree = "<group>"; };
		B38B1CB91AD1E12200733112 /* UICollectionViewImageCell.m */ = {isa = PBXFileReference; fileEncoding = 4; lastKnownFileType = sourcecode.c.objc; path = UICollectionViewImageCell.m; sourceTree = "<group>"; };
		B38B1CBA1AD1E12200733112 /* UICollectionViewImageCell.xib */ = {isa = PBXFileReference; fileEncoding = 4; lastKnownFileType = file.xib; path = UICollectionViewImageCell.xib; sourceTree = "<group>"; };
		B38B1CBB1AD1E12200733112 /* UICollectionViewVideoCell.h */ = {isa = PBXFileReference; fileEncoding = 4; lastKnownFileType = sourcecode.c.h; path = UICollectionViewVideoCell.h; sourceTree = "<group>"; };
		B38B1CBC1AD1E12200733112 /* UICollectionViewVideoCell.m */ = {isa = PBXFileReference; fileEncoding = 4; lastKnownFileType = sourcecode.c.objc; path = UICollectionViewVideoCell.m; sourceTree = "<group>"; };
		B38B1CDA1AD1E13800733112 /* MediaManagerImageTests.m */ = {isa = PBXFileReference; fileEncoding = 4; lastKnownFileType = sourcecode.c.objc; path = MediaManagerImageTests.m; sourceTree = "<group>"; };
		B38B1CDB1AD1E13800733112 /* MediaManagerVideoTests.m */ = {isa = PBXFileReference; fileEncoding = 4; lastKnownFileType = sourcecode.c.objc; path = MediaManagerVideoTests.m; sourceTree = "<group>"; };
		B38CAF4B1ACA0DE2000D72D6 /* 1.jpg */ = {isa = PBXFileReference; lastKnownFileType = image.jpeg; path = 1.jpg; sourceTree = "<group>"; };
		B38CAF4E1ACA0DE2000D72D6 /* 2.jpg */ = {isa = PBXFileReference; lastKnownFileType = image.jpeg; path = 2.jpg; sourceTree = "<group>"; };
		EEBD8BCD4673599AB5D891D1 /* libPods-Photo Stunner.a */ = {isa = PBXFileReference; explicitFileType = archive.ar; includeInIndex = 0; path = "libPods-Photo Stunner.a"; sourceTree = BUILT_PRODUCTS_DIR; };
/* End PBXFileReference section */

/* Begin PBXFrameworksBuildPhase section */
		B34788781AB75584009FF25C /* Frameworks */ = {
			isa = PBXFrameworksBuildPhase;
			buildActionMask = 2147483647;
			files = (
				C01CC5AE9AC357EA836753A4 /* libPods-Photo Stunner.a in Frameworks */,
			);
			runOnlyForDeploymentPostprocessing = 0;
		};
		B34788911AB75584009FF25C /* Frameworks */ = {
			isa = PBXFrameworksBuildPhase;
			buildActionMask = 2147483647;
			files = (
				4785630B74F6E35D4124E3F8 /* libPods-Photo StunnerTests.a in Frameworks */,
			);
			runOnlyForDeploymentPostprocessing = 0;
		};
/* End PBXFrameworksBuildPhase section */

/* Begin PBXGroup section */
		0FEC096DE7DAC50274A0295C /* Pods */ = {
			isa = PBXGroup;
			children = (
				2A52477F41A4C718FED0D9B3 /* Pods-Photo StunnerTests.debug.xcconfig */,
				1E4E8F7CFC2CCE22A81F0836 /* Pods-Photo StunnerTests.release.xcconfig */,
				A4AB22C816497D8EEF84A618 /* Pods-Photo Stunner.debug.xcconfig */,
				2A48D80F6DD15881ADCB7892 /* Pods-Photo Stunner.release.xcconfig */,
			);
			name = Pods;
			sourceTree = "<group>";
		};
		B34788721AB75584009FF25C = {
			isa = PBXGroup;
			children = (
				B347887D1AB75584009FF25C /* Photo Stunner */,
				B34788971AB75584009FF25C /* Photo StunnerTests */,
				B347887C1AB75584009FF25C /* Products */,
				0FEC096DE7DAC50274A0295C /* Pods */,
				FAFECC834A6E9A283A172028 /* Frameworks */,
			);
			sourceTree = "<group>";
		};
		B347887C1AB75584009FF25C /* Products */ = {
			isa = PBXGroup;
			children = (
				B347887B1AB75584009FF25C /* Photo Stunner.app */,
				B34788941AB75584009FF25C /* Photo StunnerTests.xctest */,
			);
			name = Products;
			sourceTree = "<group>";
		};
		B347887D1AB75584009FF25C /* Photo Stunner */ = {
			isa = PBXGroup;
			children = (
				B38B1C811AD1E12200733112 /* Source Code */,
				B34788FA1AB79E2B009FF25C /* Sample MP4 Files */,
				B38CAF4A1ACA0DE2000D72D6 /* Stunning Photos */,
				B37F223D1ABE2AAD009FB9CC /* en.lproj */,
				B347887F1AB75584009FF25C /* Info.plist */,
				B34788A41AB755A9009FF25C /* LaunchScreen.xib */,
				B347888B1AB75584009FF25C /* Images.xcassets */,
			);
			path = "Photo Stunner";
			sourceTree = "<group>";
		};
		B34788971AB75584009FF25C /* Photo StunnerTests */ = {
			isa = PBXGroup;
			children = (
				B38B1CD91AD1E13800733112 /* Source Code */,
				B34788991AB75584009FF25C /* Info.plist */,
			);
			path = "Photo StunnerTests";
			sourceTree = "<group>";
		};
		B34788FA1AB79E2B009FF25C /* Sample MP4 Files */ = {
			isa = PBXGroup;
			children = (
				B34788FB1AB79E2B009FF25C /* 1.mp4 */,
				B34788FC1AB79E2B009FF25C /* 2.mp4 */,
				B34788FD1AB79E2B009FF25C /* 3.mp4 */,
				B34788FE1AB79E2B009FF25C /* 4.mp4 */,
				B34788FF1AB79E2B009FF25C /* 5.mp4 */,
				B34789001AB79E2B009FF25C /* 6.mp4 */,
				60FDA15F1ADF2924005B73A1 /* 7.mp4 */,
				60FDA1601ADF2BD3005B73A1 /* 8.mp4 */,
				6084C9871AF83C630007861B /* 9.mp4 */,
				6084C9881AF83C630007861B /* 10.mp4 */,
				6084C9891AF83C630007861B /* 11.mp4 */,
				6084C98A1AF83C630007861B /* 12.mp4 */,
				6084C98B1AF83C630007861B /* 13.mp4 */,
				6084C98C1AF83C630007861B /* 14.mp4 */,
				6084C98D1AF83C630007861B /* 15.mp4 */,
				6084C98E1AF83C630007861B /* 16.mp4 */,
			);
			path = "Sample MP4 Files";
			sourceTree = "<group>";
		};
		B37F223D1ABE2AAD009FB9CC /* en.lproj */ = {
			isa = PBXGroup;
			children = (
				B37F223E1ABE2AAD009FB9CC /* Localizable.strings */,
			);
			path = en.lproj;
			sourceTree = "<group>";
		};
		B38B1C811AD1E12200733112 /* Source Code */ = {
			isa = PBXGroup;
			children = (
				B38B1C991AD1E12200733112 /* Model */,
				B38B1CAE1AD1E12200733112 /* View */,
				B38B1C841AD1E12200733112 /* Controller */,
				B38B1C821AD1E12200733112 /* AppDelegate.h */,
				605B3C671ADF0969009B217A /* PhotoStunnerConstants.h */,
				605B3C681ADF0A4F009B217A /* PhotoStunnerConstants.m */,
				B38B1C831AD1E12200733112 /* AppDelegate.m */,
				B38B1C981AD1E12200733112 /* main.m */,
				B38B1CAD1AD1E12200733112 /* Photo Stunner-Bridging-Header.h */,
			);
			path = "Source Code";
			sourceTree = "<group>";
		};
		B38B1C841AD1E12200733112 /* Controller */ = {
			isa = PBXGroup;
			children = (
				B38B1C851AD1E12200733112 /* Library */,
				B38B1C901AD1E12200733112 /* Tap */,
				B38B1C941AD1E12200733112 /* Thumbnails */,
				B38B1C8C1AD1E12200733112 /* StunningImage */,
				B38B1C891AD1E12200733112 /* Preview */,
			);
			path = Controller;
			sourceTree = "<group>";
		};
		B38B1C851AD1E12200733112 /* Library */ = {
			isa = PBXGroup;
			children = (
				B38B1C861AD1E12200733112 /* LibraryViewController.h */,
				B38B1C871AD1E12200733112 /* LibraryViewController.m */,
				B38B1C881AD1E12200733112 /* LibraryViewController.xib */,
			);
			path = Library;
			sourceTree = "<group>";
		};
		B38B1C891AD1E12200733112 /* Preview */ = {
			isa = PBXGroup;
			children = (
				B38B1C8A1AD1E12200733112 /* PreviewViewController.swift */,
				B38B1C8B1AD1E12200733112 /* PreviewViewController.xib */,
			);
			path = Preview;
			sourceTree = "<group>";
		};
		B38B1C8C1AD1E12200733112 /* StunningImage */ = {
			isa = PBXGroup;
			children = (
				B38B1C8D1AD1E12200733112 /* StunningImageViewController.h */,
				B38B1C8E1AD1E12200733112 /* StunningImageViewController.m */,
				B38B1C8F1AD1E12200733112 /* StunningImageViewController.xib */,
			);
			path = StunningImage;
			sourceTree = "<group>";
		};
		B38B1C901AD1E12200733112 /* Tap */ = {
			isa = PBXGroup;
			children = (
				B38B1C911AD1E12200733112 /* TapViewController.h */,
				B38B1C921AD1E12200733112 /* TapViewController.m */,
				B38B1C931AD1E12200733112 /* TapViewController.xib */,
			);
			path = Tap;
			sourceTree = "<group>";
		};
		B38B1C941AD1E12200733112 /* Thumbnails */ = {
			isa = PBXGroup;
			children = (
				B38B1C951AD1E12200733112 /* ThumbnailsViewController.h */,
				B38B1C961AD1E12200733112 /* ThumbnailsViewController.m */,
				B38B1C971AD1E12200733112 /* ThumbnailsViewController.xib */,
			);
			path = Thumbnails;
			sourceTree = "<group>";
		};
		B38B1C991AD1E12200733112 /* Model */ = {
			isa = PBXGroup;
			children = (
				B38B1C9A1AD1E12200733112 /* Library */,
				B38B1CA31AD1E12200733112 /* MediaManager */,
			);
			path = Model;
			sourceTree = "<group>";
		};
		B38B1C9A1AD1E12200733112 /* Library */ = {
			isa = PBXGroup;
			children = (
				B38B1C9F1AD1E12200733112 /* Repository */,
				B38B1CA21AD1E12200733112 /* VideoAsset.h */,
				B38B1C9B1AD1E12200733112 /* ALAssetVideoAssetAdapter.h */,
				B38B1C9C1AD1E12200733112 /* ALAssetVideoAssetAdapter.m */,
				B38B1C9D1AD1E12200733112 /* AVAssetVideoAssetAdapter.h */,
				B38B1C9E1AD1E12200733112 /* AVAssetVideoAssetAdapter.m */,
			);
			path = Library;
			sourceTree = "<group>";
		};
		B38B1C9F1AD1E12200733112 /* Repository */ = {
			isa = PBXGroup;
			children = (
				B38B1CA01AD1E12200733112 /* VideoLoader.h */,
				B38B1CA11AD1E12200733112 /* VideoLoader.m */,
			);
			path = Repository;
			sourceTree = "<group>";
		};
		B38B1CA31AD1E12200733112 /* MediaManager */ = {
			isa = PBXGroup;
			children = (
				B38B1CA91AD1E12200733112 /* MediaManager.h */,
				B38B1CA81AD1E12200733112 /* MediaManager+Private.h */,
				B38B1CAA1AD1E12200733112 /* MediaManager.m */,
				B38B1CA41AD1E12200733112 /* MediaManager+CMTimeImageKeys.h */,
				B38B1CA51AD1E12200733112 /* MediaManager+CMTimeImageKeys.m */,
				B38B1CA61AD1E12200733112 /* MediaManager+CMTimeRangeVideoKeys.h */,
				B38B1CA71AD1E12200733112 /* MediaManager+CMTimeRangeVideoKeys.m */,
				B38B1CAB1AD1E12200733112 /* MediaManagerObserver.swift */,
				B38B1CAC1AD1E12200733112 /* StunningMediaManager.swift */,
			);
			path = MediaManager;
			sourceTree = "<group>";
		};
		B38B1CAE1AD1E12200733112 /* View */ = {
			isa = PBXGroup;
			children = (
				B38B1CB51AD1E12200733112 /* UICollectionViewHeaderCell.h */,
				B38B1CB61AD1E12200733112 /* UICollectionViewHeaderCell.m */,
				B38B1CB71AD1E12200733112 /* UICollectionViewHeaderCell.xib */,
				B38B1CB81AD1E12200733112 /* UICollectionViewImageCell.h */,
				B38B1CB91AD1E12200733112 /* UICollectionViewImageCell.m */,
				B38B1CBA1AD1E12200733112 /* UICollectionViewImageCell.xib */,
				B38B1CBB1AD1E12200733112 /* UICollectionViewVideoCell.h */,
				B38B1CBC1AD1E12200733112 /* UICollectionViewVideoCell.m */,
				B38B1CAF1AD1E12200733112 /* FlashView.h */,
				B38B1CB01AD1E12200733112 /* FlashView.m */,
				B38B1CB11AD1E12200733112 /* PlaybackBarView.h */,
				B38B1CB21AD1E12200733112 /* PlaybackBarView.m */,
				B38B1CB31AD1E12200733112 /* PlayerView.h */,
				B38B1CB41AD1E12200733112 /* PlayerView.m */,
			);
			path = View;
			sourceTree = "<group>";
		};
		B38B1CD91AD1E13800733112 /* Source Code */ = {
			isa = PBXGroup;
			children = (
				B38B1CDA1AD1E13800733112 /* MediaManagerImageTests.m */,
				B38B1CDB1AD1E13800733112 /* MediaManagerVideoTests.m */,
			);
			path = "Source Code";
			sourceTree = "<group>";
		};
		B38CAF4A1ACA0DE2000D72D6 /* Stunning Photos */ = {
			isa = PBXGroup;
			children = (
				B38CAF4B1ACA0DE2000D72D6 /* 1.jpg */,
				B38CAF4E1ACA0DE2000D72D6 /* 2.jpg */,
			);
			path = "Stunning Photos";
			sourceTree = "<group>";
		};
		FAFECC834A6E9A283A172028 /* Frameworks */ = {
			isa = PBXGroup;
			children = (
				01A47F0C10CB8D81A935AE15 /* libPods-Photo StunnerTests.a */,
				EEBD8BCD4673599AB5D891D1 /* libPods-Photo Stunner.a */,
			);
			name = Frameworks;
			sourceTree = "<group>";
		};
/* End PBXGroup section */

/* Begin PBXNativeTarget section */
		B347887A1AB75584009FF25C /* Photo Stunner */ = {
			isa = PBXNativeTarget;
			buildConfigurationList = B347889E1AB75584009FF25C /* Build configuration list for PBXNativeTarget "Photo Stunner" */;
			buildPhases = (
				EF38B4802623AA8EB722C290 /* Check Pods Manifest.lock */,
				B34788771AB75584009FF25C /* Sources */,
				B34788781AB75584009FF25C /* Frameworks */,
				B34788791AB75584009FF25C /* Resources */,
				58FAC7262E1CBCF2A7D358F0 /* Copy Pods Resources */,
			);
			buildRules = (
			);
			dependencies = (
			);
			name = "Photo Stunner";
			productName = "Photo Stunner";
			productReference = B347887B1AB75584009FF25C /* Photo Stunner.app */;
			productType = "com.apple.product-type.application";
		};
		B34788931AB75584009FF25C /* Photo StunnerTests */ = {
			isa = PBXNativeTarget;
			buildConfigurationList = B34788A11AB75584009FF25C /* Build configuration list for PBXNativeTarget "Photo StunnerTests" */;
			buildPhases = (
				F5D56E4EA41E447A47BC31F5 /* Check Pods Manifest.lock */,
				B34788901AB75584009FF25C /* Sources */,
				B34788911AB75584009FF25C /* Frameworks */,
				B34788921AB75584009FF25C /* Resources */,
				62A82A9E65F81C074C73CACC /* Copy Pods Resources */,
			);
			buildRules = (
			);
			dependencies = (
				B34788961AB75584009FF25C /* PBXTargetDependency */,
			);
			name = "Photo StunnerTests";
			productName = "Photo StunnerTests";
			productReference = B34788941AB75584009FF25C /* Photo StunnerTests.xctest */;
			productType = "com.apple.product-type.bundle.unit-test";
		};
/* End PBXNativeTarget section */

/* Begin PBXProject section */
		B34788731AB75584009FF25C /* Project object */ = {
			isa = PBXProject;
			attributes = {
				LastUpgradeCheck = 0610;
				ORGANIZATIONNAME = "Connor Lirot";
				TargetAttributes = {
					B347887A1AB75584009FF25C = {
						CreatedOnToolsVersion = 6.1.1;
					};
					B34788931AB75584009FF25C = {
						CreatedOnToolsVersion = 6.1.1;
						TestTargetID = B347887A1AB75584009FF25C;
					};
				};
			};
			buildConfigurationList = B34788761AB75584009FF25C /* Build configuration list for PBXProject "Photo Stunner" */;
			compatibilityVersion = "Xcode 3.2";
			developmentRegion = English;
			hasScannedForEncodings = 0;
			knownRegions = (
				en,
				Base,
			);
			mainGroup = B34788721AB75584009FF25C;
			productRefGroup = B347887C1AB75584009FF25C /* Products */;
			projectDirPath = "";
			projectRoot = "";
			targets = (
				B347887A1AB75584009FF25C /* Photo Stunner */,
				B34788931AB75584009FF25C /* Photo StunnerTests */,
			);
		};
/* End PBXProject section */

/* Begin PBXResourcesBuildPhase section */
		B34788791AB75584009FF25C /* Resources */ = {
			isa = PBXResourcesBuildPhase;
			buildActionMask = 2147483647;
			files = (
				6084C98F1AF83C6F0007861B /* 9.mp4 in Resources */,
				6084C9901AF83C6F0007861B /* 10.mp4 in Resources */,
				6084C9911AF83C6F0007861B /* 11.mp4 in Resources */,
				6084C9921AF83C6F0007861B /* 12.mp4 in Resources */,
				6084C9931AF83C6F0007861B /* 13.mp4 in Resources */,
				6084C9941AF83C6F0007861B /* 14.mp4 in Resources */,
				6084C9951AF83C6F0007861B /* 15.mp4 in Resources */,
				6084C9961AF83C6F0007861B /* 16.mp4 in Resources */,
				60FDA1611ADF4857005B73A1 /* 7.mp4 in Resources */,
				60FDA1621ADF4857005B73A1 /* 8.mp4 in Resources */,
				B34789071AB79E2B009FF25C /* 4.mp4 in Resources */,
				B38B1CC51AD1E12200733112 /* TapViewController.xib in Resources */,
				B38B1CD71AD1E12200733112 /* UICollectionViewImageCell.xib in Resources */,
				B37F22401ABE2AAD009FB9CC /* Localizable.strings in Resources */,
				B38B1CC71AD1E12200733112 /* ThumbnailsViewController.xib in Resources */,
				B38B1CC31AD1E12200733112 /* StunningImageViewController.xib in Resources */,
				B38B1CBF1AD1E12200733112 /* LibraryViewController.xib in Resources */,
				B34789091AB79E2B009FF25C /* 6.mp4 in Resources */,
				B38CAF521ACA0DE2000D72D6 /* 2.jpg in Resources */,
				B34789061AB79E2B009FF25C /* 3.mp4 in Resources */,
				B38B1CD51AD1E12200733112 /* UICollectionViewHeaderCell.xib in Resources */,
				B34789051AB79E2B009FF25C /* 2.mp4 in Resources */,
				B34788A51AB755A9009FF25C /* LaunchScreen.xib in Resources */,
				B38CAF4F1ACA0DE2000D72D6 /* 1.jpg in Resources */,
				B34789041AB79E2B009FF25C /* 1.mp4 in Resources */,
				B34789081AB79E2B009FF25C /* 5.mp4 in Resources */,
				B38B1CC11AD1E12200733112 /* PreviewViewController.xib in Resources */,
				B347888C1AB75584009FF25C /* Images.xcassets in Resources */,
			);
			runOnlyForDeploymentPostprocessing = 0;
		};
		B34788921AB75584009FF25C /* Resources */ = {
			isa = PBXResourcesBuildPhase;
			buildActionMask = 2147483647;
			files = (
			);
			runOnlyForDeploymentPostprocessing = 0;
		};
/* End PBXResourcesBuildPhase section */

/* Begin PBXShellScriptBuildPhase section */
		58FAC7262E1CBCF2A7D358F0 /* Copy Pods Resources */ = {
			isa = PBXShellScriptBuildPhase;
			buildActionMask = 2147483647;
			files = (
			);
			inputPaths = (
			);
			name = "Copy Pods Resources";
			outputPaths = (
			);
			runOnlyForDeploymentPostprocessing = 0;
			shellPath = /bin/sh;
			shellScript = "\"${SRCROOT}/Pods/Target Support Files/Pods-Photo Stunner/Pods-Photo Stunner-resources.sh\"\n";
			showEnvVarsInLog = 0;
		};
		62A82A9E65F81C074C73CACC /* Copy Pods Resources */ = {
			isa = PBXShellScriptBuildPhase;
			buildActionMask = 2147483647;
			files = (
			);
			inputPaths = (
			);
			name = "Copy Pods Resources";
			outputPaths = (
			);
			runOnlyForDeploymentPostprocessing = 0;
			shellPath = /bin/sh;
			shellScript = "\"${SRCROOT}/Pods/Target Support Files/Pods-Photo StunnerTests/Pods-Photo StunnerTests-resources.sh\"\n";
			showEnvVarsInLog = 0;
		};
		EF38B4802623AA8EB722C290 /* Check Pods Manifest.lock */ = {
			isa = PBXShellScriptBuildPhase;
			buildActionMask = 2147483647;
			files = (
			);
			inputPaths = (
			);
			name = "Check Pods Manifest.lock";
			outputPaths = (
			);
			runOnlyForDeploymentPostprocessing = 0;
			shellPath = /bin/sh;
			shellScript = "diff \"${PODS_ROOT}/../Podfile.lock\" \"${PODS_ROOT}/Manifest.lock\" > /dev/null\nif [[ $? != 0 ]] ; then\n    cat << EOM\nerror: The sandbox is not in sync with the Podfile.lock. Run 'pod install' or update your CocoaPods installation.\nEOM\n    exit 1\nfi\n";
			showEnvVarsInLog = 0;
		};
		F5D56E4EA41E447A47BC31F5 /* Check Pods Manifest.lock */ = {
			isa = PBXShellScriptBuildPhase;
			buildActionMask = 2147483647;
			files = (
			);
			inputPaths = (
			);
			name = "Check Pods Manifest.lock";
			outputPaths = (
			);
			runOnlyForDeploymentPostprocessing = 0;
			shellPath = /bin/sh;
			shellScript = "diff \"${PODS_ROOT}/../Podfile.lock\" \"${PODS_ROOT}/Manifest.lock\" > /dev/null\nif [[ $? != 0 ]] ; then\n    cat << EOM\nerror: The sandbox is not in sync with the Podfile.lock. Run 'pod install' or update your CocoaPods installation.\nEOM\n    exit 1\nfi\n";
			showEnvVarsInLog = 0;
		};
/* End PBXShellScriptBuildPhase section */

/* Begin PBXSourcesBuildPhase section */
		B34788771AB75584009FF25C /* Sources */ = {
			isa = PBXSourcesBuildPhase;
			buildActionMask = 2147483647;
			files = (
				B38B1CC21AD1E12200733112 /* StunningImageViewController.m in Sources */,
				B38B1CD01AD1E12200733112 /* StunningMediaManager.swift in Sources */,
				B38B1CCC1AD1E12200733112 /* MediaManager+CMTimeImageKeys.m in Sources */,
				B38B1CC61AD1E12200733112 /* ThumbnailsViewController.m in Sources */,
				605B3C691ADF0A4F009B217A /* PhotoStunnerConstants.m in Sources */,
				B38B1CCE1AD1E12200733112 /* MediaManager.m in Sources */,
				B38B1CC91AD1E12200733112 /* ALAssetVideoAssetAdapter.m in Sources */,
				B38B1CCA1AD1E12200733112 /* AVAssetVideoAssetAdapter.m in Sources */,
				B38B1CD31AD1E12200733112 /* PlayerView.m in Sources */,
				B38B1CCB1AD1E12200733112 /* VideoLoader.m in Sources */,
				B38B1CD21AD1E12200733112 /* PlaybackBarView.m in Sources */,
				B38B1CD61AD1E12200733112 /* UICollectionViewImageCell.m in Sources */,
				B38B1CD41AD1E12200733112 /* UICollectionViewHeaderCell.m in Sources */,
				B38B1CC41AD1E12200733112 /* TapViewController.m in Sources */,
				B38B1CCF1AD1E12200733112 /* MediaManagerObserver.swift in Sources */,
				B38B1CBE1AD1E12200733112 /* LibraryViewController.m in Sources */,
				B38B1CBD1AD1E12200733112 /* AppDelegate.m in Sources */,
				B38B1CC81AD1E12200733112 /* main.m in Sources */,
				B38B1CD81AD1E12200733112 /* UICollectionViewVideoCell.m in Sources */,
				B38B1CC01AD1E12200733112 /* PreviewViewController.swift in Sources */,
				B38B1CCD1AD1E12200733112 /* MediaManager+CMTimeRangeVideoKeys.m in Sources */,
				B38B1CD11AD1E12200733112 /* FlashView.m in Sources */,
			);
			runOnlyForDeploymentPostprocessing = 0;
		};
		B34788901AB75584009FF25C /* Sources */ = {
			isa = PBXSourcesBuildPhase;
			buildActionMask = 2147483647;
			files = (
				B38B1CDD1AD1E13800733112 /* MediaManagerVideoTests.m in Sources */,
				B38B1CDC1AD1E13800733112 /* MediaManagerImageTests.m in Sources */,
			);
			runOnlyForDeploymentPostprocessing = 0;
		};
/* End PBXSourcesBuildPhase section */

/* Begin PBXTargetDependency section */
		B34788961AB75584009FF25C /* PBXTargetDependency */ = {
			isa = PBXTargetDependency;
			target = B347887A1AB75584009FF25C /* Photo Stunner */;
			targetProxy = B34788951AB75584009FF25C /* PBXContainerItemProxy */;
		};
/* End PBXTargetDependency section */

/* Begin PBXVariantGroup section */
		B37F223E1ABE2AAD009FB9CC /* Localizable.strings */ = {
			isa = PBXVariantGroup;
			children = (
				B37F223F1ABE2AAD009FB9CC /* en */,
			);
			name = Localizable.strings;
			sourceTree = "<group>";
		};
/* End PBXVariantGroup section */

/* Begin XCBuildConfiguration section */
		B347889C1AB75584009FF25C /* Debug */ = {
			isa = XCBuildConfiguration;
			buildSettings = {
				ALWAYS_SEARCH_USER_PATHS = NO;
				CLANG_CXX_LANGUAGE_STANDARD = "gnu++0x";
				CLANG_CXX_LIBRARY = "libc++";
				CLANG_ENABLE_MODULES = YES;
				CLANG_ENABLE_OBJC_ARC = YES;
				CLANG_WARN_BOOL_CONVERSION = YES;
				CLANG_WARN_CONSTANT_CONVERSION = YES;
				CLANG_WARN_DIRECT_OBJC_ISA_USAGE = YES_ERROR;
				CLANG_WARN_EMPTY_BODY = YES;
				CLANG_WARN_ENUM_CONVERSION = YES;
				CLANG_WARN_INT_CONVERSION = YES;
				CLANG_WARN_OBJC_ROOT_CLASS = YES_ERROR;
				CLANG_WARN_UNREACHABLE_CODE = YES;
				CLANG_WARN__DUPLICATE_METHOD_MATCH = YES;
				"CODE_SIGN_IDENTITY[sdk=iphoneos*]" = "iPhone Developer";
				COPY_PHASE_STRIP = NO;
				ENABLE_STRICT_OBJC_MSGSEND = YES;
				GCC_C_LANGUAGE_STANDARD = gnu99;
				GCC_DYNAMIC_NO_PIC = NO;
				GCC_OPTIMIZATION_LEVEL = 0;
				GCC_PREPROCESSOR_DEFINITIONS = (
					"DEBUG=1",
					"$(inherited)",
				);
				GCC_SYMBOLS_PRIVATE_EXTERN = NO;
				GCC_WARN_64_TO_32_BIT_CONVERSION = YES;
				GCC_WARN_ABOUT_RETURN_TYPE = YES_ERROR;
				GCC_WARN_UNDECLARED_SELECTOR = YES;
				GCC_WARN_UNINITIALIZED_AUTOS = YES_AGGRESSIVE;
				GCC_WARN_UNUSED_FUNCTION = YES;
				GCC_WARN_UNUSED_VARIABLE = YES;
				IPHONEOS_DEPLOYMENT_TARGET = 8.1;
				MTL_ENABLE_DEBUG_INFO = YES;
				ONLY_ACTIVE_ARCH = YES;
				SDKROOT = iphoneos;
				TARGETED_DEVICE_FAMILY = "1,2";
			};
			name = Debug;
		};
		B347889D1AB75584009FF25C /* Release */ = {
			isa = XCBuildConfiguration;
			buildSettings = {
				ALWAYS_SEARCH_USER_PATHS = NO;
				CLANG_CXX_LANGUAGE_STANDARD = "gnu++0x";
				CLANG_CXX_LIBRARY = "libc++";
				CLANG_ENABLE_MODULES = YES;
				CLANG_ENABLE_OBJC_ARC = YES;
				CLANG_WARN_BOOL_CONVERSION = YES;
				CLANG_WARN_CONSTANT_CONVERSION = YES;
				CLANG_WARN_DIRECT_OBJC_ISA_USAGE = YES_ERROR;
				CLANG_WARN_EMPTY_BODY = YES;
				CLANG_WARN_ENUM_CONVERSION = YES;
				CLANG_WARN_INT_CONVERSION = YES;
				CLANG_WARN_OBJC_ROOT_CLASS = YES_ERROR;
				CLANG_WARN_UNREACHABLE_CODE = YES;
				CLANG_WARN__DUPLICATE_METHOD_MATCH = YES;
				"CODE_SIGN_IDENTITY[sdk=iphoneos*]" = "iPhone Developer";
				COPY_PHASE_STRIP = YES;
				ENABLE_NS_ASSERTIONS = NO;
				ENABLE_STRICT_OBJC_MSGSEND = YES;
				GCC_C_LANGUAGE_STANDARD = gnu99;
				GCC_WARN_64_TO_32_BIT_CONVERSION = YES;
				GCC_WARN_ABOUT_RETURN_TYPE = YES_ERROR;
				GCC_WARN_UNDECLARED_SELECTOR = YES;
				GCC_WARN_UNINITIALIZED_AUTOS = YES_AGGRESSIVE;
				GCC_WARN_UNUSED_FUNCTION = YES;
				GCC_WARN_UNUSED_VARIABLE = YES;
				IPHONEOS_DEPLOYMENT_TARGET = 8.1;
				MTL_ENABLE_DEBUG_INFO = NO;
				SDKROOT = iphoneos;
				TARGETED_DEVICE_FAMILY = "1,2";
				VALIDATE_PRODUCT = YES;
			};
			name = Release;
		};
		B347889F1AB75584009FF25C /* Debug */ = {
			isa = XCBuildConfiguration;
			baseConfigurationReference = A4AB22C816497D8EEF84A618 /* Pods-Photo Stunner.debug.xcconfig */;
			buildSettings = {
				ASSETCATALOG_COMPILER_APPICON_NAME = AppIcon;
				CLANG_ENABLE_MODULES = YES;
				DEFINES_MODULE = YES;
				INFOPLIST_FILE = "Photo Stunner/Info.plist";
				LD_RUNPATH_SEARCH_PATHS = "$(inherited) @executable_path/Frameworks";
				PRODUCT_NAME = "$(TARGET_NAME)";
				SWIFT_OBJC_BRIDGING_HEADER = "Photo Stunner/Source Code/Photo Stunner-Bridging-Header.h";
				SWIFT_OPTIMIZATION_LEVEL = "-Onone";
			};
			name = Debug;
		};
		B34788A01AB75584009FF25C /* Release */ = {
			isa = XCBuildConfiguration;
			baseConfigurationReference = 2A48D80F6DD15881ADCB7892 /* Pods-Photo Stunner.release.xcconfig */;
			buildSettings = {
				ASSETCATALOG_COMPILER_APPICON_NAME = AppIcon;
				CLANG_ENABLE_MODULES = YES;
				DEFINES_MODULE = YES;
				INFOPLIST_FILE = "Photo Stunner/Info.plist";
				LD_RUNPATH_SEARCH_PATHS = "$(inherited) @executable_path/Frameworks";
				PRODUCT_NAME = "$(TARGET_NAME)";
				SWIFT_OBJC_BRIDGING_HEADER = "Photo Stunner/Source Code/Photo Stunner-Bridging-Header.h";
			};
			name = Release;
		};
		B34788A21AB75584009FF25C /* Debug */ = {
			isa = XCBuildConfiguration;
			baseConfigurationReference = 2A52477F41A4C718FED0D9B3 /* Pods-Photo StunnerTests.debug.xcconfig */;
			buildSettings = {
				BUNDLE_LOADER = "$(TEST_HOST)";
				FRAMEWORK_SEARCH_PATHS = (
					"$(SDKROOT)/Developer/Library/Frameworks",
					"$(inherited)",
				);
				GCC_PREPROCESSOR_DEFINITIONS = (
					"DEBUG=1",
					"$(inherited)",
				);
				INFOPLIST_FILE = "Photo StunnerTests/Info.plist";
				LD_RUNPATH_SEARCH_PATHS = "$(inherited) @executable_path/Frameworks @loader_path/Frameworks";
				PRODUCT_NAME = "$(TARGET_NAME)";
				TEST_HOST = "$(BUILT_PRODUCTS_DIR)/Photo Stunner.app/Photo Stunner";
			};
			name = Debug;
		};
		B34788A31AB75584009FF25C /* Release */ = {
			isa = XCBuildConfiguration;
			baseConfigurationReference = 1E4E8F7CFC2CCE22A81F0836 /* Pods-Photo StunnerTests.release.xcconfig */;
			buildSettings = {
				BUNDLE_LOADER = "$(TEST_HOST)";
				FRAMEWORK_SEARCH_PATHS = (
					"$(SDKROOT)/Developer/Library/Frameworks",
					"$(inherited)",
				);
				INFOPLIST_FILE = "Photo StunnerTests/Info.plist";
				LD_RUNPATH_SEARCH_PATHS = "$(inherited) @executable_path/Frameworks @loader_path/Frameworks";
				PRODUCT_NAME = "$(TARGET_NAME)";
				TEST_HOST = "$(BUILT_PRODUCTS_DIR)/Photo Stunner.app/Photo Stunner";
			};
			name = Release;
		};
/* End XCBuildConfiguration section */

/* Begin XCConfigurationList section */
		B34788761AB75584009FF25C /* Build configuration list for PBXProject "Photo Stunner" */ = {
			isa = XCConfigurationList;
			buildConfigurations = (
				B347889C1AB75584009FF25C /* Debug */,
				B347889D1AB75584009FF25C /* Release */,
			);
			defaultConfigurationIsVisible = 0;
			defaultConfigurationName = Release;
		};
		B347889E1AB75584009FF25C /* Build configuration list for PBXNativeTarget "Photo Stunner" */ = {
			isa = XCConfigurationList;
			buildConfigurations = (
				B347889F1AB75584009FF25C /* Debug */,
				B34788A01AB75584009FF25C /* Release */,
			);
			defaultConfigurationIsVisible = 0;
			defaultConfigurationName = Release;
		};
		B34788A11AB75584009FF25C /* Build configuration list for PBXNativeTarget "Photo StunnerTests" */ = {
			isa = XCConfigurationList;
			buildConfigurations = (
				B34788A21AB75584009FF25C /* Debug */,
				B34788A31AB75584009FF25C /* Release */,
			);
			defaultConfigurationIsVisible = 0;
			defaultConfigurationName = Release;
		};
/* End XCConfigurationList section */
	};
	rootObject = B34788731AB75584009FF25C /* Project object */;
}
